
Microsoft Visual Studio Solution File, Format Version 12.00
# Visual Studio Version 16
VisualStudioVersion = 16.0.29326.143
MinimumVisualStudioVersion = 10.0.40219.1
Project("{FAE04EC0-301F-11D3-BF4B-00C04F79EFBC}") = "ConsoleApp1", "ConsoleApp1\ConsoleApp1.csproj", "{99EF78F3-250A-49EC-8BC1-24F6CA59D00D}"
EndProject
Global
	GlobalSection(SolutionConfigurationPlatforms) = preSolution
		Debug|Any CPU = Debug|Any CPU
		Release|Any CPU = Release|Any CPU
	EndGlobalSection
	GlobalSection(ProjectConfigurationPlatforms) = postSolution
		{99EF78F3-250A-49EC-8BC1-24F6CA59D00D}.Debug|Any CPU.ActiveCfg = Debug|Any CPU
		{99EF78F3-250A-49EC-8BC1-24F6CA59D00D}.Debug|Any CPU.Build.0 = Debug|Any CPU
		{99EF78F3-250A-49EC-8BC1-24F6CA59D00D}.Release|Any CPU.ActiveCfg = Release|Any CPU
		{99EF78F3-250A-49EC-8BC1-24F6CA59D00D}.Release|Any CPU.Build.0 = Release|Any CPU
	EndGlobalSection
	GlobalSection(SolutionProperties) = preSolution
		HideSolutionNode = FALSE
	EndGlobalSection
	GlobalSection(ExtensibilityGlobals) = postSolution
		SolutionGuid = {54557D4F-ED65-464C-9137-8706DB4E71B1}
	EndGlobalSection
EndGlobal
